{
  "name": "app-hello-world",
  "version": "0.0.2",
  "lockfileVersion": 3,
  "requires": true,
  "packages": {
    "": {
      "name": "app-hello-world",
      "version": "0.0.2",
      "license": "ISC",
      "dependencies": {
        "easy-cpf": "^1.2.0"
      }
    },
    "node_modules/easy-cpf": {
      "version": "1.2.0",
      "resolved": "https://registry.npmjs.org/easy-cpf/-/easy-cpf-1.2.0.tgz",
      "integrity": "sha512-t8OG5EQxl8Cztfclvz2WPuO/c9/rSEvcKCec1/nxossT0VRDOPSlpEmcwtWZKvmLAKYWt2ZOf2hBiBPhm5n7fQ==",
      "license": "ISC",
      "dependencies": {
        "easy-cpf": "^1.1.0"
      }
    }
  }
}
